<?xml version="1.0" encoding="utf-8"?>
<Project ToolsVersion="4.0" xmlns="http://schemas.microsoft.com/developer/msbuild/2003">
  <ItemGroup>
    <Filter Include="Common">
      <UniqueIdentifier>{6b63370d-703d-44e0-b359-db41be37c48b}</UniqueIdentifier>
    </Filter>
    <Filter Include="DirectSamples">
      <UniqueIdentifier>{720d3c58-5204-493e-a528-65e5ce1b1a18}</UniqueIdentifier>
    </Filter>
    <Filter Include="DirectSamples\Header Files">
      <UniqueIdentifier>{93995380-89BD-4b04-88EB-625FBE52EBFB}</UniqueIdentifier>
      <Extensions>h;hh;hpp;hxx;h++;hm;inl;inc;ipp;xsd</Extensions>
    </Filter>
  </ItemGroup>
  <ItemGroup>
    <ClInclude Include="d3dApplication.h">
      <Filter>Common</Filter>
    </ClInclude>
    <ClInclude Include="d3dUtil.h">
      <Filter>Common</Filter>
    </ClInclude>
    <ClInclude Include="d3dx12.h">
      <Filter>Common</Filter>
    </ClInclude>
    <ClInclude Include="GameTimer.h">
      <Filter>Common</Filter>
    </ClInclude>
    <ClInclude Include="MathHelper.h">
      <Filter>Common</Filter>
    </ClInclude>
    <ClInclude Include="UploadBuffer.h">
      <Filter>Common</Filter>
    </ClInclude>
    <ClInclude Include="InitDirect3DApp.h">
      <Filter>DirectSamples\Header Files</Filter>
    </ClInclude>
    <ClInclude Include="BoxApp.h">
      <Filter>DirectSamples\Header Files</Filter>
    </ClInclude>
  </ItemGroup>
  <ItemGroup>
    <ClCompile Include="d3dApplication.cpp">
      <Filter>Common</Filter>
    </ClCompile>
    <ClCompile Include="d3dUtil.cpp">
      <Filter>Common</Filter>
    </ClCompile>
    <ClCompile Include="MathHelper.cpp">
      <Filter>Common</Filter>
    </ClCompile>
    <ClCompile Include="UploadBuffer.cpp">
      <Filter>Common</Filter>
    </ClCompile>
    <ClCompile Include="ProgramEntry.cpp">
      <Filter>DirectSamples</Filter>
    </ClCompile>
    <ClCompile Include="GameTimer.cpp">
      <Filter>Common</Filter>
    </ClCompile>
  </ItemGroup>
</Project>